
Microsoft Visual Studio Solution File, Format Version 12.00
# Visual Studio Version 17
VisualStudioVersion = 17.12.35707.178 d17.12
MinimumVisualStudioVersion = 10.0.40219.1
Project("{FAE04EC0-301F-11D3-BF4B-00C04F79EFBC}") = "Training_Day1", "Training_Day1\Training_Day1.csproj", "{AAD1A434-B450-4250-B867-771938393670}"
EndProject
Global
	GlobalSection(SolutionConfigurationPlatforms) = preSolution
		Debug|Any CPU = Debug|Any CPU
		Release|Any CPU = Release|Any CPU
	EndGlobalSection
	GlobalSection(ProjectConfigurationPlatforms) = postSolution
		{AAD1A434-B450-4250-B867-771938393670}.Debug|Any CPU.ActiveCfg = Debug|Any CPU
		{AAD1A434-B450-4250-B867-771938393670}.Debug|Any CPU.Build.0 = Debug|Any CPU
		{AAD1A434-B450-4250-B867-771938393670}.Release|Any CPU.ActiveCfg = Release|Any CPU
		{AAD1A434-B450-4250-B867-771938393670}.Release|Any CPU.Build.0 = Release|Any CPU
	EndGlobalSection
	GlobalSection(SolutionProperties) = preSolution
		HideSolutionNode = FALSE
	EndGlobalSection
EndGlobal
